
Microsoft Visual Studio Solution File, Format Version 12.00
# Visual Studio Version 17
VisualStudioVersion = 17.1.32328.378
MinimumVisualStudioVersion = 10.0.40219.1
Project("{FAE04EC0-301F-11D3-BF4B-00C04F79EFBC}") = "datageçti", "datageçti\datageçti.csproj", "{18301D1D-49B2-417A-A9D7-EC5ADFDDF0EC}"
EndProject
Global
	GlobalSection(SolutionConfigurationPlatforms) = preSolution
		Debug|Any CPU = Debug|Any CPU
		Release|Any CPU = Release|Any CPU
	EndGlobalSection
	GlobalSection(ProjectConfigurationPlatforms) = postSolution
		{18301D1D-49B2-417A-A9D7-EC5ADFDDF0EC}.Debug|Any CPU.ActiveCfg = Debug|Any CPU
		{18301D1D-49B2-417A-A9D7-EC5ADFDDF0EC}.Debug|Any CPU.Build.0 = Debug|Any CPU
		{18301D1D-49B2-417A-A9D7-EC5ADFDDF0EC}.Release|Any CPU.ActiveCfg = Release|Any CPU
		{18301D1D-49B2-417A-A9D7-EC5ADFDDF0EC}.Release|Any CPU.Build.0 = Release|Any CPU
	EndGlobalSection
	GlobalSection(SolutionProperties) = preSolution
		HideSolutionNode = FALSE
	EndGlobalSection
	GlobalSection(ExtensibilityGlobals) = postSolution
		SolutionGuid = {D6EAD4FB-A1F4-439D-81BE-8C88EF979A28}
	EndGlobalSection
EndGlobal
